// !$*UTF8*$!
{
	archiveVersion = 1;
	classes = {
	};
	objectVersion = 46;
	objects = {

/* Begin PBXBuildFile section */
		4C0DC1531BFD9209007837CB /* CBGPromise.framework in Frameworks */ = {isa = PBXBuildFile; fileRef = 4C0DC1491BFD9209007837CB /* CBGPromise.framework */; };
		4C0DC1601BFD923F007837CB /* Nimble.framework in Frameworks */ = {isa = PBXBuildFile; fileRef = 4C30FEEC1B5324B0003EF659 /* Nimble.framework */; };
		4C0DC1611BFD9243007837CB /* Quick.framework in Frameworks */ = {isa = PBXBuildFile; fileRef = 4C30FED51B5324AC003EF659 /* Quick.framework */; };
		4C0DC1621BFD9284007837CB /* PromiseSpec.swift in Sources */ = {isa = PBXBuildFile; fileRef = 4C872E931B5327A000D6B61C /* PromiseSpec.swift */; };
		4C0DC1631BFD9289007837CB /* Promise.swift in Sources */ = {isa = PBXBuildFile; fileRef = 4C30FEF11B532746003EF659 /* Promise.swift */; };
		4C0DC1641BFD928B007837CB /* Future.swift in Sources */ = {isa = PBXBuildFile; fileRef = 4C872E961B5328E900D6B61C /* Future.swift */; };
		4C0DC1651BFD9290007837CB /* CBGPromise.h in Headers */ = {isa = PBXBuildFile; fileRef = 4C30FEB31B532404003EF659 /* CBGPromise.h */; settings = {ATTRIBUTES = (Public, ); }; };
		4C30FEB41B532404003EF659 /* CBGPromise.h in Headers */ = {isa = PBXBuildFile; fileRef = 4C30FEB31B532404003EF659 /* CBGPromise.h */; settings = {ATTRIBUTES = (Public, ); }; };
		4C30FEBB1B532404003EF659 /* CBGPromise.framework in Frameworks */ = {isa = PBXBuildFile; fileRef = 4C30FEB01B532404003EF659 /* CBGPromise.framework */; };
		4C30FEEF1B5324BC003EF659 /* Quick.framework in Frameworks */ = {isa = PBXBuildFile; fileRef = 4C30FEDB1B5324AC003EF659 /* Quick.framework */; };
		4C30FEF01B5324C0003EF659 /* Nimble.framework in Frameworks */ = {isa = PBXBuildFile; fileRef = 4C30FEE81B5324B0003EF659 /* Nimble.framework */; };
		4C30FEF21B532746003EF659 /* Promise.swift in Sources */ = {isa = PBXBuildFile; fileRef = 4C30FEF11B532746003EF659 /* Promise.swift */; };
		4C872E941B5327A000D6B61C /* PromiseSpec.swift in Sources */ = {isa = PBXBuildFile; fileRef = 4C872E931B5327A000D6B61C /* PromiseSpec.swift */; };
		4C872E971B5328E900D6B61C /* Future.swift in Sources */ = {isa = PBXBuildFile; fileRef = 4C872E961B5328E900D6B61C /* Future.swift */; };
/* End PBXBuildFile section */

/* Begin PBXContainerItemProxy section */
		4C0DC1541BFD9209007837CB /* PBXContainerItemProxy */ = {
			isa = PBXContainerItemProxy;
			containerPortal = 4C30FEA71B532404003EF659 /* Project object */;
			proxyType = 1;
			remoteGlobalIDString = 4C0DC1481BFD9209007837CB;
			remoteInfo = CBGPromise;
		};
		4C30FEBC1B532404003EF659 /* PBXContainerItemProxy */ = {
			isa = PBXContainerItemProxy;
			containerPortal = 4C30FEA71B532404003EF659 /* Project object */;
			proxyType = 1;
			remoteGlobalIDString = 4C30FEAF1B532404003EF659;
			remoteInfo = CBGPromise;
		};
		4C30FED41B5324AC003EF659 /* PBXContainerItemProxy */ = {
			isa = PBXContainerItemProxy;
			containerPortal = 4C30FECB1B5324A9003EF659 /* Quick.xcodeproj */;
			proxyType = 2;
			remoteGlobalIDString = DAEB6B8E1943873100289F44;
			remoteInfo = "Quick-OSX";
		};
		4C30FED61B5324AC003EF659 /* PBXContainerItemProxy */ = {
			isa = PBXContainerItemProxy;
			containerPortal = 4C30FECB1B5324A9003EF659 /* Quick.xcodeproj */;
			proxyType = 2;
			remoteGlobalIDString = DAEB6B991943873100289F44;
			remoteInfo = "Quick-OSXTests";
		};
		4C30FED81B5324AC003EF659 /* PBXContainerItemProxy */ = {
			isa = PBXContainerItemProxy;
			containerPortal = 4C30FECB1B5324A9003EF659 /* Quick.xcodeproj */;
			proxyType = 2;
			remoteGlobalIDString = DA5663E81A4C8D8500193C88;
			remoteInfo = "QuickFocused-OSXTests";
		};
		4C30FEDA1B5324AC003EF659 /* PBXContainerItemProxy */ = {
			isa = PBXContainerItemProxy;
			containerPortal = 4C30FECB1B5324A9003EF659 /* Quick.xcodeproj */;
			proxyType = 2;
			remoteGlobalIDString = 5A5D117C19473F2100F6D13D;
			remoteInfo = "Quick-iOS";
		};
		4C30FEDC1B5324AC003EF659 /* PBXContainerItemProxy */ = {
			isa = PBXContainerItemProxy;
			containerPortal = 4C30FECB1B5324A9003EF659 /* Quick.xcodeproj */;
			proxyType = 2;
			remoteGlobalIDString = 5A5D118619473F2100F6D13D;
			remoteInfo = "Quick-iOSTests";
		};
		4C30FEDE1B5324AC003EF659 /* PBXContainerItemProxy */ = {
			isa = PBXContainerItemProxy;
			containerPortal = 4C30FECB1B5324A9003EF659 /* Quick.xcodeproj */;
			proxyType = 2;
			remoteGlobalIDString = DA9876B21A4C70EB0004AA17;
			remoteInfo = "QuickFocused-iOSTests";
		};
		4C30FEE71B5324B0003EF659 /* PBXContainerItemProxy */ = {
			isa = PBXContainerItemProxy;
			containerPortal = 4C30FEE01B5324B0003EF659 /* Nimble.xcodeproj */;
			proxyType = 2;
			remoteGlobalIDString = 1F1A74291940169200FFFC47;
			remoteInfo = "Nimble-iOS";
		};
		4C30FEE91B5324B0003EF659 /* PBXContainerItemProxy */ = {
			isa = PBXContainerItemProxy;
			containerPortal = 4C30FEE01B5324B0003EF659 /* Nimble.xcodeproj */;
			proxyType = 2;
			remoteGlobalIDString = 1F1A74341940169200FFFC47;
			remoteInfo = "Nimble-iOSTests";
		};
		4C30FEEB1B5324B0003EF659 /* PBXContainerItemProxy */ = {
			isa = PBXContainerItemProxy;
			containerPortal = 4C30FEE01B5324B0003EF659 /* Nimble.xcodeproj */;
			proxyType = 2;
			remoteGlobalIDString = 1F925EAD195C0D6300ED456B;
			remoteInfo = "Nimble-OSX";
		};
		4C30FEED1B5324B0003EF659 /* PBXContainerItemProxy */ = {
			isa = PBXContainerItemProxy;
			containerPortal = 4C30FEE01B5324B0003EF659 /* Nimble.xcodeproj */;
			proxyType = 2;
			remoteGlobalIDString = 1F925EB7195C0D6300ED456B;
			remoteInfo = "Nimble-OSXTests";
		};
/* End PBXContainerItemProxy section */

/* Begin PBXFileReference section */
		4C0DC1491BFD9209007837CB /* CBGPromise.framework */ = {isa = PBXFileReference; explicitFileType = wrapper.framework; includeInIndex = 0; path = CBGPromise.framework; sourceTree = BUILT_PRODUCTS_DIR; };
		4C0DC1521BFD9209007837CB /* CBGPromiseTests-OSX.xctest */ = {isa = PBXFileReference; explicitFileType = wrapper.cfbundle; includeInIndex = 0; path = "CBGPromiseTests-OSX.xctest"; sourceTree = BUILT_PRODUCTS_DIR; };
		4C30FEB01B532404003EF659 /* CBGPromise.framework */ = {isa = PBXFileReference; explicitFileType = wrapper.framework; includeInIndex = 0; path = CBGPromise.framework; sourceTree = BUILT_PRODUCTS_DIR; };
		4C30FEB31B532404003EF659 /* CBGPromise.h */ = {isa = PBXFileReference; lastKnownFileType = sourcecode.c.h; path = CBGPromise.h; sourceTree = "<group>"; };
		4C30FEB51B532404003EF659 /* Info.plist */ = {isa = PBXFileReference; lastKnownFileType = text.plist.xml; path = Info.plist; sourceTree = "<group>"; };
		4C30FEBA1B532404003EF659 /* CBGPromiseTests-iOS.xctest */ = {isa = PBXFileReference; explicitFileType = wrapper.cfbundle; includeInIndex = 0; path = "CBGPromiseTests-iOS.xctest"; sourceTree = BUILT_PRODUCTS_DIR; };
		4C30FEC11B532404003EF659 /* Info.plist */ = {isa = PBXFileReference; lastKnownFileType = text.plist.xml; path = Info.plist; sourceTree = "<group>"; };
		4C30FECB1B5324A9003EF659 /* Quick.xcodeproj */ = {isa = PBXFileReference; lastKnownFileType = "wrapper.pb-project"; name = Quick.xcodeproj; path = Quick/Quick.xcodeproj; sourceTree = "<group>"; };
		4C30FEE01B5324B0003EF659 /* Nimble.xcodeproj */ = {isa = PBXFileReference; lastKnownFileType = "wrapper.pb-project"; name = Nimble.xcodeproj; path = Nimble/Nimble.xcodeproj; sourceTree = "<group>"; };
		4C30FEF11B532746003EF659 /* Promise.swift */ = {isa = PBXFileReference; fileEncoding = 4; lastKnownFileType = sourcecode.swift; path = Promise.swift; sourceTree = "<group>"; };
		4C872E931B5327A000D6B61C /* PromiseSpec.swift */ = {isa = PBXFileReference; fileEncoding = 4; lastKnownFileType = sourcecode.swift; path = PromiseSpec.swift; sourceTree = "<group>"; };
		4C872E961B5328E900D6B61C /* Future.swift */ = {isa = PBXFileReference; fileEncoding = 4; lastKnownFileType = sourcecode.swift; path = Future.swift; sourceTree = "<group>"; };
/* End PBXFileReference section */

/* Begin PBXFrameworksBuildPhase section */
		4C0DC1451BFD9209007837CB /* Frameworks */ = {
			isa = PBXFrameworksBuildPhase;
			buildActionMask = 2147483647;
			files = (
			);
			runOnlyForDeploymentPostprocessing = 0;
		};
		4C0DC14F1BFD9209007837CB /* Frameworks */ = {
			isa = PBXFrameworksBuildPhase;
			buildActionMask = 2147483647;
			files = (
				4C0DC1611BFD9243007837CB /* Quick.framework in Frameworks */,
				4C0DC1601BFD923F007837CB /* Nimble.framework in Frameworks */,
				4C0DC1531BFD9209007837CB /* CBGPromise.framework in Frameworks */,
			);
			runOnlyForDeploymentPostprocessing = 0;
		};
		4C30FEAC1B532404003EF659 /* Frameworks */ = {
			isa = PBXFrameworksBuildPhase;
			buildActionMask = 2147483647;
			files = (
			);
			runOnlyForDeploymentPostprocessing = 0;
		};
		4C30FEB71B532404003EF659 /* Frameworks */ = {
			isa = PBXFrameworksBuildPhase;
			buildActionMask = 2147483647;
			files = (
				4C30FEEF1B5324BC003EF659 /* Quick.framework in Frameworks */,
				4C30FEF01B5324C0003EF659 /* Nimble.framework in Frameworks */,
				4C30FEBB1B532404003EF659 /* CBGPromise.framework in Frameworks */,
			);
			runOnlyForDeploymentPostprocessing = 0;
		};
/* End PBXFrameworksBuildPhase section */

/* Begin PBXGroup section */
		4C30FEA61B532404003EF659 = {
			isa = PBXGroup;
			children = (
				4C30FEB21B532404003EF659 /* CBGPromise */,
				4C30FEBE1B532404003EF659 /* CBGPromiseTests */,
				4C30FECA1B532490003EF659 /* Externals */,
				4C30FEB11B532404003EF659 /* Products */,
			);
			sourceTree = "<group>";
		};
		4C30FEB11B532404003EF659 /* Products */ = {
			isa = PBXGroup;
			children = (
				4C30FEB01B532404003EF659 /* CBGPromise.framework */,
				4C30FEBA1B532404003EF659 /* CBGPromiseTests-iOS.xctest */,
				4C0DC1491BFD9209007837CB /* CBGPromise.framework */,
				4C0DC1521BFD9209007837CB /* CBGPromiseTests-OSX.xctest */,
			);
			name = Products;
			sourceTree = "<group>";
		};
		4C30FEB21B532404003EF659 /* CBGPromise */ = {
			isa = PBXGroup;
			children = (
				4C30FEB31B532404003EF659 /* CBGPromise.h */,
				4C30FEB51B532404003EF659 /* Info.plist */,
				4C30FEF11B532746003EF659 /* Promise.swift */,
				4C872E961B5328E900D6B61C /* Future.swift */,
			);
			path = CBGPromise;
			sourceTree = "<group>";
		};
		4C30FEBE1B532404003EF659 /* CBGPromiseTests */ = {
			isa = PBXGroup;
			children = (
				4C30FEC11B532404003EF659 /* Info.plist */,
				4C872E931B5327A000D6B61C /* PromiseSpec.swift */,
			);
			path = CBGPromiseTests;
			sourceTree = "<group>";
		};
		4C30FECA1B532490003EF659 /* Externals */ = {
			isa = PBXGroup;
			children = (
				4C30FEE01B5324B0003EF659 /* Nimble.xcodeproj */,
				4C30FECB1B5324A9003EF659 /* Quick.xcodeproj */,
			);
			path = Externals;
			sourceTree = "<group>";
		};
		4C30FECC1B5324A9003EF659 /* Products */ = {
			isa = PBXGroup;
			children = (
				4C30FED51B5324AC003EF659 /* Quick.framework */,
				4C30FED71B5324AC003EF659 /* Quick-OSXTests.xctest */,
				4C30FED91B5324AC003EF659 /* QuickFocused-OSXTests.xctest */,
				4C30FEDB1B5324AC003EF659 /* Quick.framework */,
				4C30FEDD1B5324AC003EF659 /* Quick-iOSTests.xctest */,
				4C30FEDF1B5324AC003EF659 /* QuickFocused-iOSTests.xctest */,
			);
			name = Products;
			sourceTree = "<group>";
		};
		4C30FEE11B5324B0003EF659 /* Products */ = {
			isa = PBXGroup;
			children = (
				4C30FEE81B5324B0003EF659 /* Nimble.framework */,
				4C30FEEA1B5324B0003EF659 /* NimbleTests.xctest */,
				4C30FEEC1B5324B0003EF659 /* Nimble.framework */,
				4C30FEEE1B5324B0003EF659 /* NimbleTests.xctest */,
			);
			name = Products;
			sourceTree = "<group>";
		};
/* End PBXGroup section */

/* Begin PBXHeadersBuildPhase section */
		4C0DC1461BFD9209007837CB /* Headers */ = {
			isa = PBXHeadersBuildPhase;
			buildActionMask = 2147483647;
			files = (
				4C0DC1651BFD9290007837CB /* CBGPromise.h in Headers */,
			);
			runOnlyForDeploymentPostprocessing = 0;
		};
		4C30FEAD1B532404003EF659 /* Headers */ = {
			isa = PBXHeadersBuildPhase;
			buildActionMask = 2147483647;
			files = (
				4C30FEB41B532404003EF659 /* CBGPromise.h in Headers */,
			);
			runOnlyForDeploymentPostprocessing = 0;
		};
/* End PBXHeadersBuildPhase section */

/* Begin PBXNativeTarget section */
		4C0DC1481BFD9209007837CB /* CBGPromise-OSX */ = {
			isa = PBXNativeTarget;
			buildConfigurationList = 4C0DC15A1BFD920A007837CB /* Build configuration list for PBXNativeTarget "CBGPromise-OSX" */;
			buildPhases = (
				4C0DC1441BFD9209007837CB /* Sources */,
				4C0DC1451BFD9209007837CB /* Frameworks */,
				4C0DC1461BFD9209007837CB /* Headers */,
				4C0DC1471BFD9209007837CB /* Resources */,
			);
			buildRules = (
			);
			dependencies = (
			);
			name = "CBGPromise-OSX";
			productName = CBGPromise;
			productReference = 4C0DC1491BFD9209007837CB /* CBGPromise.framework */;
			productType = "com.apple.product-type.framework";
		};
		4C0DC1511BFD9209007837CB /* CBGPromiseTests-OSX */ = {
			isa = PBXNativeTarget;
			buildConfigurationList = 4C0DC15D1BFD920A007837CB /* Build configuration list for PBXNativeTarget "CBGPromiseTests-OSX" */;
			buildPhases = (
				4C0DC14E1BFD9209007837CB /* Sources */,
				4C0DC14F1BFD9209007837CB /* Frameworks */,
				4C0DC1501BFD9209007837CB /* Resources */,
			);
			buildRules = (
			);
			dependencies = (
				4C0DC1551BFD9209007837CB /* PBXTargetDependency */,
			);
			name = "CBGPromiseTests-OSX";
			productName = CBGPromiseTests;
			productReference = 4C0DC1521BFD9209007837CB /* CBGPromiseTests-OSX.xctest */;
			productType = "com.apple.product-type.bundle.unit-test";
		};
		4C30FEAF1B532404003EF659 /* CBGPromise-iOS */ = {
			isa = PBXNativeTarget;
			buildConfigurationList = 4C30FEC41B532404003EF659 /* Build configuration list for PBXNativeTarget "CBGPromise-iOS" */;
			buildPhases = (
				4C30FEAB1B532404003EF659 /* Sources */,
				4C30FEAC1B532404003EF659 /* Frameworks */,
				4C30FEAD1B532404003EF659 /* Headers */,
				4C30FEAE1B532404003EF659 /* Resources */,
			);
			buildRules = (
			);
			dependencies = (
			);
			name = "CBGPromise-iOS";
			productName = CBGPromise;
			productReference = 4C30FEB01B532404003EF659 /* CBGPromise.framework */;
			productType = "com.apple.product-type.framework";
		};
		4C30FEB91B532404003EF659 /* CBGPromiseTests-iOS */ = {
			isa = PBXNativeTarget;
			buildConfigurationList = 4C30FEC71B532404003EF659 /* Build configuration list for PBXNativeTarget "CBGPromiseTests-iOS" */;
			buildPhases = (
				4C30FEB61B532404003EF659 /* Sources */,
				4C30FEB71B532404003EF659 /* Frameworks */,
				4C30FEB81B532404003EF659 /* Resources */,
			);
			buildRules = (
			);
			dependencies = (
				4C30FEBD1B532404003EF659 /* PBXTargetDependency */,
			);
			name = "CBGPromiseTests-iOS";
			productName = CBGPromiseTests;
			productReference = 4C30FEBA1B532404003EF659 /* CBGPromiseTests-iOS.xctest */;
			productType = "com.apple.product-type.bundle.unit-test";
		};
/* End PBXNativeTarget section */

/* Begin PBXProject section */
		4C30FEA71B532404003EF659 /* Project object */ = {
			isa = PBXProject;
			attributes = {
				LastSwiftUpdateCheck = 0710;
				LastUpgradeCheck = 0700;
				ORGANIZATIONNAME = CBG;
				TargetAttributes = {
					4C0DC1481BFD9209007837CB = {
						CreatedOnToolsVersion = 7.1.1;
					};
					4C0DC1511BFD9209007837CB = {
						CreatedOnToolsVersion = 7.1.1;
					};
					4C30FEAF1B532404003EF659 = {
						CreatedOnToolsVersion = 7.0;
					};
					4C30FEB91B532404003EF659 = {
						CreatedOnToolsVersion = 7.0;
					};
				};
			};
			buildConfigurationList = 4C30FEAA1B532404003EF659 /* Build configuration list for PBXProject "CBGPromise" */;
			compatibilityVersion = "Xcode 3.2";
			developmentRegion = English;
			hasScannedForEncodings = 0;
			knownRegions = (
				en,
			);
			mainGroup = 4C30FEA61B532404003EF659;
			productRefGroup = 4C30FEB11B532404003EF659 /* Products */;
			projectDirPath = "";
			projectReferences = (
				{
					ProductGroup = 4C30FEE11B5324B0003EF659 /* Products */;
					ProjectRef = 4C30FEE01B5324B0003EF659 /* Nimble.xcodeproj */;
				},
				{
					ProductGroup = 4C30FECC1B5324A9003EF659 /* Products */;
					ProjectRef = 4C30FECB1B5324A9003EF659 /* Quick.xcodeproj */;
				},
			);
			projectRoot = "";
			targets = (
				4C30FEAF1B532404003EF659 /* CBGPromise-iOS */,
				4C30FEB91B532404003EF659 /* CBGPromiseTests-iOS */,
				4C0DC1481BFD9209007837CB /* CBGPromise-OSX */,
				4C0DC1511BFD9209007837CB /* CBGPromiseTests-OSX */,
			);
		};
/* End PBXProject section */

/* Begin PBXReferenceProxy section */
		4C30FED51B5324AC003EF659 /* Quick.framework */ = {
			isa = PBXReferenceProxy;
			fileType = wrapper.framework;
			path = Quick.framework;
			remoteRef = 4C30FED41B5324AC003EF659 /* PBXContainerItemProxy */;
			sourceTree = BUILT_PRODUCTS_DIR;
		};
		4C30FED71B5324AC003EF659 /* Quick-OSXTests.xctest */ = {
			isa = PBXReferenceProxy;
			fileType = wrapper.cfbundle;
			path = "Quick-OSXTests.xctest";
			remoteRef = 4C30FED61B5324AC003EF659 /* PBXContainerItemProxy */;
			sourceTree = BUILT_PRODUCTS_DIR;
		};
		4C30FED91B5324AC003EF659 /* QuickFocused-OSXTests.xctest */ = {
			isa = PBXReferenceProxy;
			fileType = wrapper.cfbundle;
			path = "QuickFocused-OSXTests.xctest";
			remoteRef = 4C30FED81B5324AC003EF659 /* PBXContainerItemProxy */;
			sourceTree = BUILT_PRODUCTS_DIR;
		};
		4C30FEDB1B5324AC003EF659 /* Quick.framework */ = {
			isa = PBXReferenceProxy;
			fileType = wrapper.framework;
			path = Quick.framework;
			remoteRef = 4C30FEDA1B5324AC003EF659 /* PBXContainerItemProxy */;
			sourceTree = BUILT_PRODUCTS_DIR;
		};
		4C30FEDD1B5324AC003EF659 /* Quick-iOSTests.xctest */ = {
			isa = PBXReferenceProxy;
			fileType = wrapper.cfbundle;
			path = "Quick-iOSTests.xctest";
			remoteRef = 4C30FEDC1B5324AC003EF659 /* PBXContainerItemProxy */;
			sourceTree = BUILT_PRODUCTS_DIR;
		};
		4C30FEDF1B5324AC003EF659 /* QuickFocused-iOSTests.xctest */ = {
			isa = PBXReferenceProxy;
			fileType = wrapper.cfbundle;
			path = "QuickFocused-iOSTests.xctest";
			remoteRef = 4C30FEDE1B5324AC003EF659 /* PBXContainerItemProxy */;
			sourceTree = BUILT_PRODUCTS_DIR;
		};
		4C30FEE81B5324B0003EF659 /* Nimble.framework */ = {
			isa = PBXReferenceProxy;
			fileType = wrapper.framework;
			path = Nimble.framework;
			remoteRef = 4C30FEE71B5324B0003EF659 /* PBXContainerItemProxy */;
			sourceTree = BUILT_PRODUCTS_DIR;
		};
		4C30FEEA1B5324B0003EF659 /* NimbleTests.xctest */ = {
			isa = PBXReferenceProxy;
			fileType = wrapper.cfbundle;
			path = NimbleTests.xctest;
			remoteRef = 4C30FEE91B5324B0003EF659 /* PBXContainerItemProxy */;
			sourceTree = BUILT_PRODUCTS_DIR;
		};
		4C30FEEC1B5324B0003EF659 /* Nimble.framework */ = {
			isa = PBXReferenceProxy;
			fileType = wrapper.framework;
			path = Nimble.framework;
			remoteRef = 4C30FEEB1B5324B0003EF659 /* PBXContainerItemProxy */;
			sourceTree = BUILT_PRODUCTS_DIR;
		};
		4C30FEEE1B5324B0003EF659 /* NimbleTests.xctest */ = {
			isa = PBXReferenceProxy;
			fileType = wrapper.cfbundle;
			path = NimbleTests.xctest;
			remoteRef = 4C30FEED1B5324B0003EF659 /* PBXContainerItemProxy */;
			sourceTree = BUILT_PRODUCTS_DIR;
		};
/* End PBXReferenceProxy section */

/* Begin PBXResourcesBuildPhase section */
		4C0DC1471BFD9209007837CB /* Resources */ = {
			isa = PBXResourcesBuildPhase;
			buildActionMask = 2147483647;
			files = (
			);
			runOnlyForDeploymentPostprocessing = 0;
		};
		4C0DC1501BFD9209007837CB /* Resources */ = {
			isa = PBXResourcesBuildPhase;
			buildActionMask = 2147483647;
			files = (
			);
			runOnlyForDeploymentPostprocessing = 0;
		};
		4C30FEAE1B532404003EF659 /* Resources */ = {
			isa = PBXResourcesBuildPhase;
			buildActionMask = 2147483647;
			files = (
			);
			runOnlyForDeploymentPostprocessing = 0;
		};
		4C30FEB81B532404003EF659 /* Resources */ = {
			isa = PBXResourcesBuildPhase;
			buildActionMask = 2147483647;
			files = (
			);
			runOnlyForDeploymentPostprocessing = 0;
		};
/* End PBXResourcesBuildPhase section */

/* Begin PBXSourcesBuildPhase section */
		4C0DC1441BFD9209007837CB /* Sources */ = {
			isa = PBXSourcesBuildPhase;
			buildActionMask = 2147483647;
			files = (
				4C0DC1641BFD928B007837CB /* Future.swift in Sources */,
				4C0DC1631BFD9289007837CB /* Promise.swift in Sources */,
			);
			runOnlyForDeploymentPostprocessing = 0;
		};
		4C0DC14E1BFD9209007837CB /* Sources */ = {
			isa = PBXSourcesBuildPhase;
			buildActionMask = 2147483647;
			files = (
				4C0DC1621BFD9284007837CB /* PromiseSpec.swift in Sources */,
			);
			runOnlyForDeploymentPostprocessing = 0;
		};
		4C30FEAB1B532404003EF659 /* Sources */ = {
			isa = PBXSourcesBuildPhase;
			buildActionMask = 2147483647;
			files = (
				4C872E971B5328E900D6B61C /* Future.swift in Sources */,
				4C30FEF21B532746003EF659 /* Promise.swift in Sources */,
			);
			runOnlyForDeploymentPostprocessing = 0;
		};
		4C30FEB61B532404003EF659 /* Sources */ = {
			isa = PBXSourcesBuildPhase;
			buildActionMask = 2147483647;
			files = (
				4C872E941B5327A000D6B61C /* PromiseSpec.swift in Sources */,
			);
			runOnlyForDeploymentPostprocessing = 0;
		};
/* End PBXSourcesBuildPhase section */

/* Begin PBXTargetDependency section */
		4C0DC1551BFD9209007837CB /* PBXTargetDependency */ = {
			isa = PBXTargetDependency;
			target = 4C0DC1481BFD9209007837CB /* CBGPromise-OSX */;
			targetProxy = 4C0DC1541BFD9209007837CB /* PBXContainerItemProxy */;
		};
		4C30FEBD1B532404003EF659 /* PBXTargetDependency */ = {
			isa = PBXTargetDependency;
			target = 4C30FEAF1B532404003EF659 /* CBGPromise-iOS */;
			targetProxy = 4C30FEBC1B532404003EF659 /* PBXContainerItemProxy */;
		};
/* End PBXTargetDependency section */

/* Begin XCBuildConfiguration section */
		4C0DC15B1BFD920A007837CB /* Debug */ = {
			isa = XCBuildConfiguration;
			buildSettings = {
				CODE_SIGN_IDENTITY = "-";
				COMBINE_HIDPI_IMAGES = YES;
				DEFINES_MODULE = YES;
				DYLIB_COMPATIBILITY_VERSION = 1;
				DYLIB_CURRENT_VERSION = 1;
				DYLIB_INSTALL_NAME_BASE = "@rpath";
				FRAMEWORK_VERSION = A;
				INFOPLIST_FILE = CBGPromise/Info.plist;
				INSTALL_PATH = "$(LOCAL_LIBRARY_DIR)/Frameworks";
				LD_RUNPATH_SEARCH_PATHS = "$(inherited) @executable_path/../Frameworks @loader_path/Frameworks";
				MACOSX_DEPLOYMENT_TARGET = 10.11;
				PRODUCT_BUNDLE_IDENTIFIER = me.cbg.CBGPromise;
				PRODUCT_NAME = CBGPromise;
				SDKROOT = macosx;
				SKIP_INSTALL = YES;
			};
			name = Debug;
		};
		4C0DC15C1BFD920A007837CB /* Release */ = {
			isa = XCBuildConfiguration;
			buildSettings = {
				CODE_SIGN_IDENTITY = "-";
				COMBINE_HIDPI_IMAGES = YES;
				DEFINES_MODULE = YES;
				DYLIB_COMPATIBILITY_VERSION = 1;
				DYLIB_CURRENT_VERSION = 1;
				DYLIB_INSTALL_NAME_BASE = "@rpath";
				FRAMEWORK_VERSION = A;
				INFOPLIST_FILE = CBGPromise/Info.plist;
				INSTALL_PATH = "$(LOCAL_LIBRARY_DIR)/Frameworks";
				LD_RUNPATH_SEARCH_PATHS = "$(inherited) @executable_path/../Frameworks @loader_path/Frameworks";
				MACOSX_DEPLOYMENT_TARGET = 10.11;
				PRODUCT_BUNDLE_IDENTIFIER = me.cbg.CBGPromise;
				PRODUCT_NAME = CBGPromise;
				SDKROOT = macosx;
				SKIP_INSTALL = YES;
			};
			name = Release;
		};
		4C0DC15E1BFD920A007837CB /* Debug */ = {
			isa = XCBuildConfiguration;
			buildSettings = {
				CODE_SIGN_IDENTITY = "-";
				COMBINE_HIDPI_IMAGES = YES;
				INFOPLIST_FILE = CBGPromiseTests/Info.plist;
				LD_RUNPATH_SEARCH_PATHS = "$(inherited) @executable_path/../Frameworks @loader_path/../Frameworks";
				MACOSX_DEPLOYMENT_TARGET = 10.11;
				PRODUCT_BUNDLE_IDENTIFIER = me.cbg.CBGPromiseTests;
				PRODUCT_NAME = "$(TARGET_NAME)";
				SDKROOT = macosx;
			};
			name = Debug;
		};
		4C0DC15F1BFD920A007837CB /* Release */ = {
			isa = XCBuildConfiguration;
			buildSettings = {
				CODE_SIGN_IDENTITY = "-";
				COMBINE_HIDPI_IMAGES = YES;
				INFOPLIST_FILE = CBGPromiseTests/Info.plist;
				LD_RUNPATH_SEARCH_PATHS = "$(inherited) @executable_path/../Frameworks @loader_path/../Frameworks";
				MACOSX_DEPLOYMENT_TARGET = 10.11;
				PRODUCT_BUNDLE_IDENTIFIER = me.cbg.CBGPromiseTests;
				PRODUCT_NAME = "$(TARGET_NAME)";
				SDKROOT = macosx;
			};
			name = Release;
		};
		4C30FEC21B532404003EF659 /* Debug */ = {
			isa = XCBuildConfiguration;
			buildSettings = {
				ALWAYS_SEARCH_USER_PATHS = NO;
				CLANG_CXX_LANGUAGE_STANDARD = "gnu++0x";
				CLANG_CXX_LIBRARY = "libc++";
				CLANG_ENABLE_MODULES = YES;
				CLANG_ENABLE_OBJC_ARC = YES;
				CLANG_WARN_BOOL_CONVERSION = YES;
				CLANG_WARN_CONSTANT_CONVERSION = YES;
				CLANG_WARN_DIRECT_OBJC_ISA_USAGE = YES_ERROR;
				CLANG_WARN_EMPTY_BODY = YES;
				CLANG_WARN_ENUM_CONVERSION = YES;
				CLANG_WARN_INT_CONVERSION = YES;
				CLANG_WARN_OBJC_ROOT_CLASS = YES_ERROR;
				CLANG_WARN_UNREACHABLE_CODE = YES;
				CLANG_WARN__DUPLICATE_METHOD_MATCH = YES;
				"CODE_SIGN_IDENTITY[sdk=iphoneos*]" = "iPhone Developer";
				COPY_PHASE_STRIP = NO;
				CURRENT_PROJECT_VERSION = 1;
				DEBUG_INFORMATION_FORMAT = dwarf;
				ENABLE_STRICT_OBJC_MSGSEND = YES;
				ENABLE_TESTABILITY = YES;
				GCC_C_LANGUAGE_STANDARD = gnu99;
				GCC_DYNAMIC_NO_PIC = NO;
				GCC_NO_COMMON_BLOCKS = YES;
				GCC_OPTIMIZATION_LEVEL = 0;
				GCC_PREPROCESSOR_DEFINITIONS = (
					"DEBUG=1",
					"$(inherited)",
				);
				GCC_WARN_64_TO_32_BIT_CONVERSION = YES;
				GCC_WARN_ABOUT_RETURN_TYPE = YES_ERROR;
				GCC_WARN_UNDECLARED_SELECTOR = YES;
				GCC_WARN_UNINITIALIZED_AUTOS = YES_AGGRESSIVE;
				GCC_WARN_UNUSED_FUNCTION = YES;
				GCC_WARN_UNUSED_VARIABLE = YES;
				IPHONEOS_DEPLOYMENT_TARGET = 8.0;
				MTL_ENABLE_DEBUG_INFO = YES;
				ONLY_ACTIVE_ARCH = YES;
				SDKROOT = iphoneos;
				SWIFT_OPTIMIZATION_LEVEL = "-Onone";
				TARGETED_DEVICE_FAMILY = "1,2";
				VERSIONING_SYSTEM = "apple-generic";
				VERSION_INFO_PREFIX = "";
			};
			name = Debug;
		};
		4C30FEC31B532404003EF659 /* Release */ = {
			isa = XCBuildConfiguration;
			buildSettings = {
				ALWAYS_SEARCH_USER_PATHS = NO;
				CLANG_CXX_LANGUAGE_STANDARD = "gnu++0x";
				CLANG_CXX_LIBRARY = "libc++";
				CLANG_ENABLE_MODULES = YES;
				CLANG_ENABLE_OBJC_ARC = YES;
				CLANG_WARN_BOOL_CONVERSION = YES;
				CLANG_WARN_CONSTANT_CONVERSION = YES;
				CLANG_WARN_DIRECT_OBJC_ISA_USAGE = YES_ERROR;
				CLANG_WARN_EMPTY_BODY = YES;
				CLANG_WARN_ENUM_CONVERSION = YES;
				CLANG_WARN_INT_CONVERSION = YES;
				CLANG_WARN_OBJC_ROOT_CLASS = YES_ERROR;
				CLANG_WARN_UNREACHABLE_CODE = YES;
				CLANG_WARN__DUPLICATE_METHOD_MATCH = YES;
				"CODE_SIGN_IDENTITY[sdk=iphoneos*]" = "iPhone Developer";
				COPY_PHASE_STRIP = NO;
				CURRENT_PROJECT_VERSION = 1;
				DEBUG_INFORMATION_FORMAT = "dwarf-with-dsym";
				ENABLE_NS_ASSERTIONS = NO;
				ENABLE_STRICT_OBJC_MSGSEND = YES;
				GCC_C_LANGUAGE_STANDARD = gnu99;
				GCC_NO_COMMON_BLOCKS = YES;
				GCC_WARN_64_TO_32_BIT_CONVERSION = YES;
				GCC_WARN_ABOUT_RETURN_TYPE = YES_ERROR;
				GCC_WARN_UNDECLARED_SELECTOR = YES;
				GCC_WARN_UNINITIALIZED_AUTOS = YES_AGGRESSIVE;
				GCC_WARN_UNUSED_FUNCTION = YES;
				GCC_WARN_UNUSED_VARIABLE = YES;
				IPHONEOS_DEPLOYMENT_TARGET = 8.0;
				MTL_ENABLE_DEBUG_INFO = NO;
				SDKROOT = iphoneos;
				TARGETED_DEVICE_FAMILY = "1,2";
				VALIDATE_PRODUCT = YES;
				VERSIONING_SYSTEM = "apple-generic";
				VERSION_INFO_PREFIX = "";
			};
			name = Release;
		};
		4C30FEC51B532404003EF659 /* Debug */ = {
			isa = XCBuildConfiguration;
			buildSettings = {
				CLANG_ENABLE_MODULES = YES;
				DEFINES_MODULE = YES;
				DYLIB_COMPATIBILITY_VERSION = 1;
				DYLIB_CURRENT_VERSION = 1;
				DYLIB_INSTALL_NAME_BASE = "@rpath";
				INFOPLIST_FILE = CBGPromise/Info.plist;
				INSTALL_PATH = "$(LOCAL_LIBRARY_DIR)/Frameworks";
				IPHONEOS_DEPLOYMENT_TARGET = 8.0;
				LD_RUNPATH_SEARCH_PATHS = "$(inherited) @executable_path/Frameworks @loader_path/Frameworks";
				PRODUCT_BUNDLE_IDENTIFIER = me.cbg.CBGPromise;
				PRODUCT_NAME = CBGPromise;
				SKIP_INSTALL = YES;
				SWIFT_OPTIMIZATION_LEVEL = "-Onone";
			};
			name = Debug;
		};
		4C30FEC61B532404003EF659 /* Release */ = {
			isa = XCBuildConfiguration;
			buildSettings = {
				CLANG_ENABLE_MODULES = YES;
				DEFINES_MODULE = YES;
				DYLIB_COMPATIBILITY_VERSION = 1;
				DYLIB_CURRENT_VERSION = 1;
				DYLIB_INSTALL_NAME_BASE = "@rpath";
				INFOPLIST_FILE = CBGPromise/Info.plist;
				INSTALL_PATH = "$(LOCAL_LIBRARY_DIR)/Frameworks";
				IPHONEOS_DEPLOYMENT_TARGET = 8.0;
				LD_RUNPATH_SEARCH_PATHS = "$(inherited) @executable_path/Frameworks @loader_path/Frameworks";
				PRODUCT_BUNDLE_IDENTIFIER = me.cbg.CBGPromise;
				PRODUCT_NAME = CBGPromise;
				SKIP_INSTALL = YES;
			};
			name = Release;
		};
		4C30FEC81B532404003EF659 /* Debug */ = {
			isa = XCBuildConfiguration;
			buildSettings = {
				INFOPLIST_FILE = CBGPromiseTests/Info.plist;
				LD_RUNPATH_SEARCH_PATHS = "$(inherited) @executable_path/Frameworks @loader_path/Frameworks";
				PRODUCT_BUNDLE_IDENTIFIER = me.cbg.CBGPromiseTests;
				PRODUCT_NAME = "$(TARGET_NAME)";
			};
			name = Debug;
		};
		4C30FEC91B532404003EF659 /* Release */ = {
			isa = XCBuildConfiguration;
			buildSettings = {
				INFOPLIST_FILE = CBGPromiseTests/Info.plist;
				LD_RUNPATH_SEARCH_PATHS = "$(inherited) @executable_path/Frameworks @loader_path/Frameworks";
				PRODUCT_BUNDLE_IDENTIFIER = me.cbg.CBGPromiseTests;
				PRODUCT_NAME = "$(TARGET_NAME)";
			};
			name = Release;
		};
/* End XCBuildConfiguration section */

/* Begin XCConfigurationList section */
		4C0DC15A1BFD920A007837CB /* Build configuration list for PBXNativeTarget "CBGPromise-OSX" */ = {
			isa = XCConfigurationList;
			buildConfigurations = (
				4C0DC15B1BFD920A007837CB /* Debug */,
				4C0DC15C1BFD920A007837CB /* Release */,
			);
			defaultConfigurationIsVisible = 0;
			defaultConfigurationName = Release;
		};
		4C0DC15D1BFD920A007837CB /* Build configuration list for PBXNativeTarget "CBGPromiseTests-OSX" */ = {
			isa = XCConfigurationList;
			buildConfigurations = (
				4C0DC15E1BFD920A007837CB /* Debug */,
				4C0DC15F1BFD920A007837CB /* Release */,
			);
			defaultConfigurationIsVisible = 0;
			defaultConfigurationName = Release;
		};
		4C30FEAA1B532404003EF659 /* Build configuration list for PBXProject "CBGPromise" */ = {
			isa = XCConfigurationList;
			buildConfigurations = (
				4C30FEC21B532404003EF659 /* Debug */,
				4C30FEC31B532404003EF659 /* Release */,
			);
			defaultConfigurationIsVisible = 0;
			defaultConfigurationName = Release;
		};
		4C30FEC41B532404003EF659 /* Build configuration list for PBXNativeTarget "CBGPromise-iOS" */ = {
			isa = XCConfigurationList;
			buildConfigurations = (
				4C30FEC51B532404003EF659 /* Debug */,
				4C30FEC61B532404003EF659 /* Release */,
			);
			defaultConfigurationIsVisible = 0;
			defaultConfigurationName = Release;
		};
		4C30FEC71B532404003EF659 /* Build configuration list for PBXNativeTarget "CBGPromiseTests-iOS" */ = {
			isa = XCConfigurationList;
			buildConfigurations = (
				4C30FEC81B532404003EF659 /* Debug */,
				4C30FEC91B532404003EF659 /* Release */,
			);
			defaultConfigurationIsVisible = 0;
			defaultConfigurationName = Release;
		};
/* End XCConfigurationList section */
	};
	rootObject = 4C30FEA71B532404003EF659 /* Project object */;
}
